// !$*UTF8*$!
{
	archiveVersion = 1;
	classes = {
	};
	objectVersion = 46;
	objects = {

/* Begin PBXBuildFile section */
		BD4D5C971F64E47400A74564 /* AppDelegate.swift in Sources */ = {isa = PBXBuildFile; fileRef = BD4D5C961F64E47400A74564 /* AppDelegate.swift */; };
		BD4D5C991F64E47400A74564 /* ViewController.swift in Sources */ = {isa = PBXBuildFile; fileRef = BD4D5C981F64E47400A74564 /* ViewController.swift */; };
		BD4D5C9C1F64E47400A74564 /* Main.storyboard in Resources */ = {isa = PBXBuildFile; fileRef = BD4D5C9A1F64E47400A74564 /* Main.storyboard */; };
		BD4D5C9E1F64E47400A74564 /* Assets.xcassets in Resources */ = {isa = PBXBuildFile; fileRef = BD4D5C9D1F64E47400A74564 /* Assets.xcassets */; };
		BD4D5CA11F64E47400A74564 /* LaunchScreen.storyboard in Resources */ = {isa = PBXBuildFile; fileRef = BD4D5C9F1F64E47400A74564 /* LaunchScreen.storyboard */; };
		BD4D5CAC1F64E47400A74564 /* IrmaSheltersTests.swift in Sources */ = {isa = PBXBuildFile; fileRef = BD4D5CAB1F64E47400A74564 /* IrmaSheltersTests.swift */; };
		BD4D5CB71F64E47400A74564 /* IrmaSheltersUITests.swift in Sources */ = {isa = PBXBuildFile; fileRef = BD4D5CB61F64E47400A74564 /* IrmaSheltersUITests.swift */; };
		BD4D5CC61F64E52A00A74564 /* MapKit.framework in Frameworks */ = {isa = PBXBuildFile; fileRef = BD4D5CC51F64E52A00A74564 /* MapKit.framework */; };
		BD4D5CCC1F64EEF600A74564 /* Shelter.swift in Sources */ = {isa = PBXBuildFile; fileRef = BD4D5CCB1F64EEF600A74564 /* Shelter.swift */; };
		BD4D5CCE1F64FE2700A74564 /* DetailViewController.swift in Sources */ = {isa = PBXBuildFile; fileRef = BD4D5CCD1F64FE2700A74564 /* DetailViewController.swift */; };
/* End PBXBuildFile section */

/* Begin PBXContainerItemProxy section */
		BD4D5CA81F64E47400A74564 /* PBXContainerItemProxy */ = {
			isa = PBXContainerItemProxy;
			containerPortal = BD4D5C8B1F64E47400A74564 /* Project object */;
			proxyType = 1;
			remoteGlobalIDString = BD4D5C921F64E47400A74564;
			remoteInfo = IrmaShelters;
		};
		BD4D5CB31F64E47400A74564 /* PBXContainerItemProxy */ = {
			isa = PBXContainerItemProxy;
			containerPortal = BD4D5C8B1F64E47400A74564 /* Project object */;
			proxyType = 1;
			remoteGlobalIDString = BD4D5C921F64E47400A74564;
			remoteInfo = IrmaShelters;
		};
/* End PBXContainerItemProxy section */

/* Begin PBXFileReference section */
		BD4D5C931F64E47400A74564 /* IrmaShelters.app */ = {isa = PBXFileReference; explicitFileType = wrapper.application; includeInIndex = 0; path = IrmaShelters.app; sourceTree = BUILT_PRODUCTS_DIR; };
		BD4D5C961F64E47400A74564 /* AppDelegate.swift */ = {isa = PBXFileReference; lastKnownFileType = sourcecode.swift; path = AppDelegate.swift; sourceTree = "<group>"; };
		BD4D5C981F64E47400A74564 /* ViewController.swift */ = {isa = PBXFileReference; lastKnownFileType = sourcecode.swift; path = ViewController.swift; sourceTree = "<group>"; };
		BD4D5C9B1F64E47400A74564 /* Base */ = {isa = PBXFileReference; lastKnownFileType = file.storyboard; name = Base; path = Base.lproj/Main.storyboard; sourceTree = "<group>"; };
		BD4D5C9D1F64E47400A74564 /* Assets.xcassets */ = {isa = PBXFileReference; lastKnownFileType = folder.assetcatalog; path = Assets.xcassets; sourceTree = "<group>"; };
		BD4D5CA01F64E47400A74564 /* Base */ = {isa = PBXFileReference; lastKnownFileType = file.storyboard; name = Base; path = Base.lproj/LaunchScreen.storyboard; sourceTree = "<group>"; };
		BD4D5CA21F64E47400A74564 /* Info.plist */ = {isa = PBXFileReference; lastKnownFileType = text.plist.xml; path = Info.plist; sourceTree = "<group>"; };
		BD4D5CA71F64E47400A74564 /* IrmaSheltersTests.xctest */ = {isa = PBXFileReference; explicitFileType = wrapper.cfbundle; includeInIndex = 0; path = IrmaSheltersTests.xctest; sourceTree = BUILT_PRODUCTS_DIR; };
		BD4D5CAB1F64E47400A74564 /* IrmaSheltersTests.swift */ = {isa = PBXFileReference; lastKnownFileType = sourcecode.swift; path = IrmaSheltersTests.swift; sourceTree = "<group>"; };
		BD4D5CAD1F64E47400A74564 /* Info.plist */ = {isa = PBXFileReference; lastKnownFileType = text.plist.xml; path = Info.plist; sourceTree = "<group>"; };
		BD4D5CB21F64E47400A74564 /* IrmaSheltersUITests.xctest */ = {isa = PBXFileReference; explicitFileType = wrapper.cfbundle; includeInIndex = 0; path = IrmaSheltersUITests.xctest; sourceTree = BUILT_PRODUCTS_DIR; };
		BD4D5CB61F64E47400A74564 /* IrmaSheltersUITests.swift */ = {isa = PBXFileReference; lastKnownFileType = sourcecode.swift; path = IrmaSheltersUITests.swift; sourceTree = "<group>"; };
		BD4D5CB81F64E47400A74564 /* Info.plist */ = {isa = PBXFileReference; lastKnownFileType = text.plist.xml; path = Info.plist; sourceTree = "<group>"; };
		BD4D5CC51F64E52A00A74564 /* MapKit.framework */ = {isa = PBXFileReference; lastKnownFileType = wrapper.framework; name = MapKit.framework; path = System/Library/Frameworks/MapKit.framework; sourceTree = SDKROOT; };
		BD4D5CCB1F64EEF600A74564 /* Shelter.swift */ = {isa = PBXFileReference; fileEncoding = 4; lastKnownFileType = sourcecode.swift; name = Shelter.swift; path = IrmaShelters/Shelter.swift; sourceTree = "<group>"; };
		BD4D5CCD1F64FE2700A74564 /* DetailViewController.swift */ = {isa = PBXFileReference; fileEncoding = 4; lastKnownFileType = sourcecode.swift; path = DetailViewController.swift; sourceTree = "<group>"; };
/* End PBXFileReference section */

/* Begin PBXFrameworksBuildPhase section */
		BD4D5C901F64E47400A74564 /* Frameworks */ = {
			isa = PBXFrameworksBuildPhase;
			buildActionMask = 2147483647;
			files = (
				BD4D5CC61F64E52A00A74564 /* MapKit.framework in Frameworks */,
			);
			runOnlyForDeploymentPostprocessing = 0;
		};
		BD4D5CA41F64E47400A74564 /* Frameworks */ = {
			isa = PBXFrameworksBuildPhase;
			buildActionMask = 2147483647;
			files = (
			);
			runOnlyForDeploymentPostprocessing = 0;
		};
		BD4D5CAF1F64E47400A74564 /* Frameworks */ = {
			isa = PBXFrameworksBuildPhase;
			buildActionMask = 2147483647;
			files = (
			);
			runOnlyForDeploymentPostprocessing = 0;
		};
/* End PBXFrameworksBuildPhase section */

/* Begin PBXGroup section */
		BD4D5C8A1F64E47400A74564 = {
			isa = PBXGroup;
			children = (
				BD4D5CCB1F64EEF600A74564 /* Shelter.swift */,
				BD4D5C951F64E47400A74564 /* IrmaShelters */,
				BD4D5CAA1F64E47400A74564 /* IrmaSheltersTests */,
				BD4D5CB51F64E47400A74564 /* IrmaSheltersUITests */,
				BD4D5C941F64E47400A74564 /* Products */,
				BD4D5CC41F64E52A00A74564 /* Frameworks */,
			);
			sourceTree = "<group>";
		};
		BD4D5C941F64E47400A74564 /* Products */ = {
			isa = PBXGroup;
			children = (
				BD4D5C931F64E47400A74564 /* IrmaShelters.app */,
				BD4D5CA71F64E47400A74564 /* IrmaSheltersTests.xctest */,
				BD4D5CB21F64E47400A74564 /* IrmaSheltersUITests.xctest */,
			);
			name = Products;
			sourceTree = "<group>";
		};
		BD4D5C951F64E47400A74564 /* IrmaShelters */ = {
			isa = PBXGroup;
			children = (
				BD4D5C961F64E47400A74564 /* AppDelegate.swift */,
				BD4D5CCD1F64FE2700A74564 /* DetailViewController.swift */,
				BD4D5C981F64E47400A74564 /* ViewController.swift */,
				BD4D5C9A1F64E47400A74564 /* Main.storyboard */,
				BD4D5C9D1F64E47400A74564 /* Assets.xcassets */,
				BD4D5C9F1F64E47400A74564 /* LaunchScreen.storyboard */,
				BD4D5CA21F64E47400A74564 /* Info.plist */,
			);
			path = IrmaShelters;
			sourceTree = "<group>";
		};
		BD4D5CAA1F64E47400A74564 /* IrmaSheltersTests */ = {
			isa = PBXGroup;
			children = (
				BD4D5CAB1F64E47400A74564 /* IrmaSheltersTests.swift */,
				BD4D5CAD1F64E47400A74564 /* Info.plist */,
			);
			path = IrmaSheltersTests;
			sourceTree = "<group>";
		};
		BD4D5CB51F64E47400A74564 /* IrmaSheltersUITests */ = {
			isa = PBXGroup;
			children = (
				BD4D5CB61F64E47400A74564 /* IrmaSheltersUITests.swift */,
				BD4D5CB81F64E47400A74564 /* Info.plist */,
			);
			path = IrmaSheltersUITests;
			sourceTree = "<group>";
		};
		BD4D5CC41F64E52A00A74564 /* Frameworks */ = {
			isa = PBXGroup;
			children = (
				BD4D5CC51F64E52A00A74564 /* MapKit.framework */,
			);
			name = Frameworks;
			sourceTree = "<group>";
		};
/* End PBXGroup section */

/* Begin PBXNativeTarget section */
		BD4D5C921F64E47400A74564 /* IrmaShelters */ = {
			isa = PBXNativeTarget;
			buildConfigurationList = BD4D5CBB1F64E47400A74564 /* Build configuration list for PBXNativeTarget "IrmaShelters" */;
			buildPhases = (
				BD4D5C8F1F64E47400A74564 /* Sources */,
				BD4D5C901F64E47400A74564 /* Frameworks */,
				BD4D5C911F64E47400A74564 /* Resources */,
			);
			buildRules = (
			);
			dependencies = (
			);
			name = IrmaShelters;
			productName = IrmaShelters;
			productReference = BD4D5C931F64E47400A74564 /* IrmaShelters.app */;
			productType = "com.apple.product-type.application";
		};
		BD4D5CA61F64E47400A74564 /* IrmaSheltersTests */ = {
			isa = PBXNativeTarget;
			buildConfigurationList = BD4D5CBE1F64E47400A74564 /* Build configuration list for PBXNativeTarget "IrmaSheltersTests" */;
			buildPhases = (
				BD4D5CA31F64E47400A74564 /* Sources */,
				BD4D5CA41F64E47400A74564 /* Frameworks */,
				BD4D5CA51F64E47400A74564 /* Resources */,
			);
			buildRules = (
			);
			dependencies = (
				BD4D5CA91F64E47400A74564 /* PBXTargetDependency */,
			);
			name = IrmaSheltersTests;
			productName = IrmaSheltersTests;
			productReference = BD4D5CA71F64E47400A74564 /* IrmaSheltersTests.xctest */;
			productType = "com.apple.product-type.bundle.unit-test";
		};
		BD4D5CB11F64E47400A74564 /* IrmaSheltersUITests */ = {
			isa = PBXNativeTarget;
			buildConfigurationList = BD4D5CC11F64E47400A74564 /* Build configuration list for PBXNativeTarget "IrmaSheltersUITests" */;
			buildPhases = (
				BD4D5CAE1F64E47400A74564 /* Sources */,
				BD4D5CAF1F64E47400A74564 /* Frameworks */,
				BD4D5CB01F64E47400A74564 /* Resources */,
			);
			buildRules = (
			);
			dependencies = (
				BD4D5CB41F64E47400A74564 /* PBXTargetDependency */,
			);
			name = IrmaSheltersUITests;
			productName = IrmaSheltersUITests;
			productReference = BD4D5CB21F64E47400A74564 /* IrmaSheltersUITests.xctest */;
			productType = "com.apple.product-type.bundle.ui-testing";
		};
/* End PBXNativeTarget section */

/* Begin PBXProject section */
		BD4D5C8B1F64E47400A74564 /* Project object */ = {
			isa = PBXProject;
			attributes = {
				LastSwiftUpdateCheck = 0830;
				LastUpgradeCheck = 0830;
				ORGANIZATIONNAME = "iPronto Systems";
				TargetAttributes = {
					BD4D5C921F64E47400A74564 = {
						CreatedOnToolsVersion = 8.3.3;
						DevelopmentTeam = JKQKJJ22L7;
						ProvisioningStyle = Automatic;
					};
					BD4D5CA61F64E47400A74564 = {
						CreatedOnToolsVersion = 8.3.3;
						DevelopmentTeam = JKQKJJ22L7;
						ProvisioningStyle = Automatic;
						TestTargetID = BD4D5C921F64E47400A74564;
					};
					BD4D5CB11F64E47400A74564 = {
						CreatedOnToolsVersion = 8.3.3;
						DevelopmentTeam = JKQKJJ22L7;
						ProvisioningStyle = Automatic;
						TestTargetID = BD4D5C921F64E47400A74564;
					};
				};
			};
			buildConfigurationList = BD4D5C8E1F64E47400A74564 /* Build configuration list for PBXProject "IrmaShelters" */;
			compatibilityVersion = "Xcode 3.2";
			developmentRegion = English;
			hasScannedForEncodings = 0;
			knownRegions = (
				en,
				Base,
			);
			mainGroup = BD4D5C8A1F64E47400A74564;
			productRefGroup = BD4D5C941F64E47400A74564 /* Products */;
			projectDirPath = "";
			projectRoot = "";
			targets = (
				BD4D5C921F64E47400A74564 /* IrmaShelters */,
				BD4D5CA61F64E47400A74564 /* IrmaSheltersTests */,
				BD4D5CB11F64E47400A74564 /* IrmaSheltersUITests */,
			);
		};
/* End PBXProject section */

/* Begin PBXResourcesBuildPhase section */
		BD4D5C911F64E47400A74564 /* Resources */ = {
			isa = PBXResourcesBuildPhase;
			buildActionMask = 2147483647;
			files = (
				BD4D5CA11F64E47400A74564 /* LaunchScreen.storyboard in Resources */,
				BD4D5C9E1F64E47400A74564 /* Assets.xcassets in Resources */,
				BD4D5C9C1F64E47400A74564 /* Main.storyboard in Resources */,
			);
			runOnlyForDeploymentPostprocessing = 0;
		};
		BD4D5CA51F64E47400A74564 /* Resources */ = {
			isa = PBXResourcesBuildPhase;
			buildActionMask = 2147483647;
			files = (
			);
			runOnlyForDeploymentPostprocessing = 0;
		};
		BD4D5CB01F64E47400A74564 /* Resources */ = {
			isa = PBXResourcesBuildPhase;
			buildActionMask = 2147483647;
			files = (
			);
			runOnlyForDeploymentPostprocessing = 0;
		};
/* End PBXResourcesBuildPhase section */

/* Begin PBXSourcesBuildPhase section */
		BD4D5C8F1F64E47400A74564 /* Sources */ = {
			isa = PBXSourcesBuildPhase;
			buildActionMask = 2147483647;
			files = (
				BD4D5C991F64E47400A74564 /* ViewController.swift in Sources */,
				BD4D5CCC1F64EEF600A74564 /* Shelter.swift in Sources */,
				BD4D5C971F64E47400A74564 /* AppDelegate.swift in Sources */,
				BD4D5CCE1F64FE2700A74564 /* DetailViewController.swift in Sources */,
			);
			runOnlyForDeploymentPostprocessing = 0;
		};
		BD4D5CA31F64E47400A74564 /* Sources */ = {
			isa = PBXSourcesBuildPhase;
			buildActionMask = 2147483647;
			files = (
				BD4D5CAC1F64E47400A74564 /* IrmaSheltersTests.swift in Sources */,
			);
			runOnlyForDeploymentPostprocessing = 0;
		};
		BD4D5CAE1F64E47400A74564 /* Sources */ = {
			isa = PBXSourcesBuildPhase;
			buildActionMask = 2147483647;
			files = (
				BD4D5CB71F64E47400A74564 /* IrmaSheltersUITests.swift in Sources */,
			);
			runOnlyForDeploymentPostprocessing = 0;
		};
/* End PBXSourcesBuildPhase section */

/* Begin PBXTargetDependency section */
		BD4D5CA91F64E47400A74564 /* PBXTargetDependency */ = {
			isa = PBXTargetDependency;
			target = BD4D5C921F64E47400A74564 /* IrmaShelters */;
			targetProxy = BD4D5CA81F64E47400A74564 /* PBXContainerItemProxy */;
		};
		BD4D5CB41F64E47400A74564 /* PBXTargetDependency */ = {
			isa = PBXTargetDependency;
			target = BD4D5C921F64E47400A74564 /* IrmaShelters */;
			targetProxy = BD4D5CB31F64E47400A74564 /* PBXContainerItemProxy */;
		};
/* End PBXTargetDependency section */

/* Begin PBXVariantGroup section */
		BD4D5C9A1F64E47400A74564 /* Main.storyboard */ = {
			isa = PBXVariantGroup;
			children = (
				BD4D5C9B1F64E47400A74564 /* Base */,
			);
			name = Main.storyboard;
			sourceTree = "<group>";
		};
		BD4D5C9F1F64E47400A74564 /* LaunchScreen.storyboard */ = {
			isa = PBXVariantGroup;
			children = (
				BD4D5CA01F64E47400A74564 /* Base */,
			);
			name = LaunchScreen.storyboard;
			sourceTree = "<group>";
		};
/* End PBXVariantGroup section */

/* Begin XCBuildConfiguration section */
		BD4D5CB91F64E47400A74564 /* Debug */ = {
			isa = XCBuildConfiguration;
			buildSettings = {
				ALWAYS_SEARCH_USER_PATHS = NO;
				CLANG_ANALYZER_NONNULL = YES;
				CLANG_ANALYZER_NUMBER_OBJECT_CONVERSION = YES_AGGRESSIVE;
				CLANG_CXX_LANGUAGE_STANDARD = "gnu++0x";
				CLANG_CXX_LIBRARY = "libc++";
				CLANG_ENABLE_MODULES = YES;
				CLANG_ENABLE_OBJC_ARC = YES;
				CLANG_WARN_BOOL_CONVERSION = YES;
				CLANG_WARN_CONSTANT_CONVERSION = YES;
				CLANG_WARN_DIRECT_OBJC_ISA_USAGE = YES_ERROR;
				CLANG_WARN_DOCUMENTATION_COMMENTS = YES;
				CLANG_WARN_EMPTY_BODY = YES;
				CLANG_WARN_ENUM_CONVERSION = YES;
				CLANG_WARN_INFINITE_RECURSION = YES;
				CLANG_WARN_INT_CONVERSION = YES;
				CLANG_WARN_OBJC_ROOT_CLASS = YES_ERROR;
				CLANG_WARN_SUSPICIOUS_MOVE = YES;
				CLANG_WARN_UNREACHABLE_CODE = YES;
				CLANG_WARN__DUPLICATE_METHOD_MATCH = YES;
				"CODE_SIGN_IDENTITY[sdk=iphoneos*]" = "iPhone Developer";
				COPY_PHASE_STRIP = NO;
				DEBUG_INFORMATION_FORMAT = dwarf;
				ENABLE_STRICT_OBJC_MSGSEND = YES;
				ENABLE_TESTABILITY = YES;
				GCC_C_LANGUAGE_STANDARD = gnu99;
				GCC_DYNAMIC_NO_PIC = NO;
				GCC_NO_COMMON_BLOCKS = YES;
				GCC_OPTIMIZATION_LEVEL = 0;
				GCC_PREPROCESSOR_DEFINITIONS = (
					"DEBUG=1",
					"$(inherited)",
				);
				GCC_WARN_64_TO_32_BIT_CONVERSION = YES;
				GCC_WARN_ABOUT_RETURN_TYPE = YES_ERROR;
				GCC_WARN_UNDECLARED_SELECTOR = YES;
				GCC_WARN_UNINITIALIZED_AUTOS = YES_AGGRESSIVE;
				GCC_WARN_UNUSED_FUNCTION = YES;
				GCC_WARN_UNUSED_VARIABLE = YES;
				IPHONEOS_DEPLOYMENT_TARGET = 10.3;
				MTL_ENABLE_DEBUG_INFO = YES;
				ONLY_ACTIVE_ARCH = YES;
				SDKROOT = iphoneos;
				SWIFT_ACTIVE_COMPILATION_CONDITIONS = DEBUG;
				SWIFT_OPTIMIZATION_LEVEL = "-Onone";
				TARGETED_DEVICE_FAMILY = "1,2";
			};
			name = Debug;
		};
		BD4D5CBA1F64E47400A74564 /* Release */ = {
			isa = XCBuildConfiguration;
			buildSettings = {
				ALWAYS_SEARCH_USER_PATHS = NO;
				CLANG_ANALYZER_NONNULL = YES;
				CLANG_ANALYZER_NUMBER_OBJECT_CONVERSION = YES_AGGRESSIVE;
				CLANG_CXX_LANGUAGE_STANDARD = "gnu++0x";
				CLANG_CXX_LIBRARY = "libc++";
				CLANG_ENABLE_MODULES = YES;
				CLANG_ENABLE_OBJC_ARC = YES;
				CLANG_WARN_BOOL_CONVERSION = YES;
				CLANG_WARN_CONSTANT_CONVERSION = YES;
				CLANG_WARN_DIRECT_OBJC_ISA_USAGE = YES_ERROR;
				CLANG_WARN_DOCUMENTATION_COMMENTS = YES;
				CLANG_WARN_EMPTY_BODY = YES;
				CLANG_WARN_ENUM_CONVERSION = YES;
				CLANG_WARN_INFINITE_RECURSION = YES;
				CLANG_WARN_INT_CONVERSION = YES;
				CLANG_WARN_OBJC_ROOT_CLASS = YES_ERROR;
				CLANG_WARN_SUSPICIOUS_MOVE = YES;
				CLANG_WARN_UNREACHABLE_CODE = YES;
				CLANG_WARN__DUPLICATE_METHOD_MATCH = YES;
				"CODE_SIGN_IDENTITY[sdk=iphoneos*]" = "iPhone Developer";
				COPY_PHASE_STRIP = NO;
				DEBUG_INFORMATION_FORMAT = "dwarf-with-dsym";
				ENABLE_NS_ASSERTIONS = NO;
				ENABLE_STRICT_OBJC_MSGSEND = YES;
				GCC_C_LANGUAGE_STANDARD = gnu99;
				GCC_NO_COMMON_BLOCKS = YES;
				GCC_WARN_64_TO_32_BIT_CONVERSION = YES;
				GCC_WARN_ABOUT_RETURN_TYPE = YES_ERROR;
				GCC_WARN_UNDECLARED_SELECTOR = YES;
				GCC_WARN_UNINITIALIZED_AUTOS = YES_AGGRESSIVE;
				GCC_WARN_UNUSED_FUNCTION = YES;
				GCC_WARN_UNUSED_VARIABLE = YES;
				IPHONEOS_DEPLOYMENT_TARGET = 10.3;
				MTL_ENABLE_DEBUG_INFO = NO;
				SDKROOT = iphoneos;
				SWIFT_OPTIMIZATION_LEVEL = "-Owholemodule";
				TARGETED_DEVICE_FAMILY = "1,2";
				VALIDATE_PRODUCT = YES;
			};
			name = Release;
		};
		BD4D5CBC1F64E47400A74564 /* Debug */ = {
			isa = XCBuildConfiguration;
			buildSettings = {
				ASSETCATALOG_COMPILER_APPICON_NAME = AppIcon;
				DEVELOPMENT_TEAM = JKQKJJ22L7;
				INFOPLIST_FILE = IrmaShelters/Info.plist;
				IPHONEOS_DEPLOYMENT_TARGET = 9.0;
				LD_RUNPATH_SEARCH_PATHS = "$(inherited) @executable_path/Frameworks";
				PRODUCT_BUNDLE_IDENTIFIER = net.ipronto.IrmaShelters;
				PRODUCT_NAME = "$(TARGET_NAME)";
				SWIFT_VERSION = 3.0;
			};
			name = Debug;
		};
		BD4D5CBD1F64E47400A74564 /* Release */ = {
			isa = XCBuildConfiguration;
			buildSettings = {
				ASSETCATALOG_COMPILER_APPICON_NAME = AppIcon;
				DEVELOPMENT_TEAM = JKQKJJ22L7;
				INFOPLIST_FILE = IrmaShelters/Info.plist;
				IPHONEOS_DEPLOYMENT_TARGET = 9.0;
				LD_RUNPATH_SEARCH_PATHS = "$(inherited) @executable_path/Frameworks";
				PRODUCT_BUNDLE_IDENTIFIER = net.ipronto.IrmaShelters;
				PRODUCT_NAME = "$(TARGET_NAME)";
				SWIFT_VERSION = 3.0;
			};
			name = Release;
		};
		BD4D5CBF1F64E47400A74564 /* Debug */ = {
			isa = XCBuildConfiguration;
			buildSettings = {
				ALWAYS_EMBED_SWIFT_STANDARD_LIBRARIES = YES;
				BUNDLE_LOADER = "$(TEST_HOST)";
				DEVELOPMENT_TEAM = JKQKJJ22L7;
				INFOPLIST_FILE = IrmaSheltersTests/Info.plist;
				LD_RUNPATH_SEARCH_PATHS = "$(inherited) @executable_path/Frameworks @loader_path/Frameworks";
				PRODUCT_BUNDLE_IDENTIFIER = net.ipronto.IrmaShelters.IrmaSheltersTests;
				PRODUCT_NAME = "$(TARGET_NAME)";
				SWIFT_VERSION = 3.0;
				TEST_HOST = "$(BUILT_PRODUCTS_DIR)/IrmaShelters.app/IrmaShelters";
			};
			name = Debug;
		};
		BD4D5CC01F64E47400A74564 /* Release */ = {
			isa = XCBuildConfiguration;
			buildSettings = {
				ALWAYS_EMBED_SWIFT_STANDARD_LIBRARIES = YES;
				BUNDLE_LOADER = "$(TEST_HOST)";
				DEVELOPMENT_TEAM = JKQKJJ22L7;
				INFOPLIST_FILE = IrmaSheltersTests/Info.plist;
				LD_RUNPATH_SEARCH_PATHS = "$(inherited) @executable_path/Frameworks @loader_path/Frameworks";
				PRODUCT_BUNDLE_IDENTIFIER = net.ipronto.IrmaShelters.IrmaSheltersTests;
				PRODUCT_NAME = "$(TARGET_NAME)";
				SWIFT_VERSION = 3.0;
				TEST_HOST = "$(BUILT_PRODUCTS_DIR)/IrmaShelters.app/IrmaShelters";
			};
			name = Release;
		};
		BD4D5CC21F64E47400A74564 /* Debug */ = {
			isa = XCBuildConfiguration;
			buildSettings = {
				ALWAYS_EMBED_SWIFT_STANDARD_LIBRARIES = YES;
				DEVELOPMENT_TEAM = JKQKJJ22L7;
				INFOPLIST_FILE = IrmaSheltersUITests/Info.plist;
				LD_RUNPATH_SEARCH_PATHS = "$(inherited) @executable_path/Frameworks @loader_path/Frameworks";
				PRODUCT_BUNDLE_IDENTIFIER = net.ipronto.IrmaShelters.IrmaSheltersUITests;
				PRODUCT_NAME = "$(TARGET_NAME)";
				SWIFT_VERSION = 3.0;
				TEST_TARGET_NAME = IrmaShelters;
			};
			name = Debug;
		};
		BD4D5CC31F64E47400A74564 /* Release */ = {
			isa = XCBuildConfiguration;
			buildSettings = {
				ALWAYS_EMBED_SWIFT_STANDARD_LIBRARIES = YES;
				DEVELOPMENT_TEAM = JKQKJJ22L7;
				INFOPLIST_FILE = IrmaSheltersUITests/Info.plist;
				LD_RUNPATH_SEARCH_PATHS = "$(inherited) @executable_path/Frameworks @loader_path/Frameworks";
				PRODUCT_BUNDLE_IDENTIFIER = net.ipronto.IrmaShelters.IrmaSheltersUITests;
				PRODUCT_NAME = "$(TARGET_NAME)";
				SWIFT_VERSION = 3.0;
				TEST_TARGET_NAME = IrmaShelters;
			};
			name = Release;
		};
/* End XCBuildConfiguration section */

/* Begin XCConfigurationList section */
		BD4D5C8E1F64E47400A74564 /* Build configuration list for PBXProject "IrmaShelters" */ = {
			isa = XCConfigurationList;
			buildConfigurations = (
				BD4D5CB91F64E47400A74564 /* Debug */,
				BD4D5CBA1F64E47400A74564 /* Release */,
			);
			defaultConfigurationIsVisible = 0;
			defaultConfigurationName = Release;
		};
		BD4D5CBB1F64E47400A74564 /* Build configuration list for PBXNativeTarget "IrmaShelters" */ = {
			isa = XCConfigurationList;
			buildConfigurations = (
				BD4D5CBC1F64E47400A74564 /* Debug */,
				BD4D5CBD1F64E47400A74564 /* Release */,
			);
			defaultConfigurationIsVisible = 0;
		};
		BD4D5CBE1F64E47400A74564 /* Build configuration list for PBXNativeTarget "IrmaSheltersTests" */ = {
			isa = XCConfigurationList;
			buildConfigurations = (
				BD4D5CBF1F64E47400A74564 /* Debug */,
				BD4D5CC01F64E47400A74564 /* Release */,
			);
			defaultConfigurationIsVisible = 0;
		};
		BD4D5CC11F64E47400A74564 /* Build configuration list for PBXNativeTarget "IrmaSheltersUITests" */ = {
			isa = XCConfigurationList;
			buildConfigurations = (
				BD4D5CC21F64E47400A74564 /* Debug */,
				BD4D5CC31F64E47400A74564 /* Release */,
			);
			defaultConfigurationIsVisible = 0;
		};
/* End XCConfigurationList section */
	};
	rootObject = BD4D5C8B1F64E47400A74564 /* Project object */;
}
